// !$*UTF8*$!
{
	archiveVersion = 1;
	classes = {
	};
	objectVersion = 46;
	objects = {

/* Begin PBXBuildFile section */
		FECF2B301651530700DD7EA9 /* Foundation.framework in Frameworks */ = {isa = PBXBuildFile; fileRef = FECF2B2F1651530700DD7EA9 /* Foundation.framework */; };
		FECF2B351651530700DD7EA9 /* UWAPIWrapper.h in CopyFiles */ = {isa = PBXBuildFile; fileRef = FECF2B341651530700DD7EA9 /* UWAPIWrapper.h */; };
		FECF2B371651530700DD7EA9 /* UWAPIWrapper.m in Sources */ = {isa = PBXBuildFile; fileRef = FECF2B361651530700DD7EA9 /* UWAPIWrapper.m */; };
/* End PBXBuildFile section */

/* Begin PBXCopyFilesBuildPhase section */
		FECF2B2A1651530700DD7EA9 /* CopyFiles */ = {
			isa = PBXCopyFilesBuildPhase;
			buildActionMask = 2147483647;
			dstPath = "include/${PRODUCT_NAME}";
			dstSubfolderSpec = 16;
			files = (
				FECF2B351651530700DD7EA9 /* UWAPIWrapper.h in CopyFiles */,
			);
			runOnlyForDeploymentPostprocessing = 0;
		};
/* End PBXCopyFilesBuildPhase section */

/* Begin PBXFileReference section */
		FECF2B2C1651530700DD7EA9 /* libUWAPIWrapper.a */ = {isa = PBXFileReference; explicitFileType = archive.ar; includeInIndex = 0; path = libUWAPIWrapper.a; sourceTree = BUILT_PRODUCTS_DIR; };
		FECF2B2F1651530700DD7EA9 /* Foundation.framework */ = {isa = PBXFileReference; lastKnownFileType = wrapper.framework; name = Foundation.framework; path = System/Library/Frameworks/Foundation.framework; sourceTree = SDKROOT; };
		FECF2B331651530700DD7EA9 /* UWAPIWrapper-Prefix.pch */ = {isa = PBXFileReference; lastKnownFileType = sourcecode.c.h; path = "UWAPIWrapper-Prefix.pch"; sourceTree = "<group>"; };
		FECF2B341651530700DD7EA9 /* UWAPIWrapper.h */ = {isa = PBXFileReference; lastKnownFileType = sourcecode.c.h; path = UWAPIWrapper.h; sourceTree = "<group>"; };
		FECF2B361651530700DD7EA9 /* UWAPIWrapper.m */ = {isa = PBXFileReference; lastKnownFileType = sourcecode.c.objc; path = UWAPIWrapper.m; sourceTree = "<group>"; };
/* End PBXFileReference section */

/* Begin PBXFrameworksBuildPhase section */
		FECF2B291651530700DD7EA9 /* Frameworks */ = {
			isa = PBXFrameworksBuildPhase;
			buildActionMask = 2147483647;
			files = (
				FECF2B301651530700DD7EA9 /* Foundation.framework in Frameworks */,
			);
			runOnlyForDeploymentPostprocessing = 0;
		};
/* End PBXFrameworksBuildPhase section */

/* Begin PBXGroup section */
		FECF2B211651530700DD7EA9 = {
			isa = PBXGroup;
			children = (
				FECF2B311651530700DD7EA9 /* UWAPIWrapper */,
				FECF2B2E1651530700DD7EA9 /* Frameworks */,
				FECF2B2D1651530700DD7EA9 /* Products */,
			);
			sourceTree = "<group>";
		};
		FECF2B2D1651530700DD7EA9 /* Products */ = {
			isa = PBXGroup;
			children = (
				FECF2B2C1651530700DD7EA9 /* libUWAPIWrapper.a */,
			);
			name = Products;
			sourceTree = "<group>";
		};
		FECF2B2E1651530700DD7EA9 /* Frameworks */ = {
			isa = PBXGroup;
			children = (
				FECF2B2F1651530700DD7EA9 /* Foundation.framework */,
			);
			name = Frameworks;
			sourceTree = "<group>";
		};
		FECF2B311651530700DD7EA9 /* UWAPIWrapper */ = {
			isa = PBXGroup;
			children = (
				FECF2B341651530700DD7EA9 /* UWAPIWrapper.h */,
				FECF2B361651530700DD7EA9 /* UWAPIWrapper.m */,
				FECF2B321651530700DD7EA9 /* Supporting Files */,
			);
			path = UWAPIWrapper;
			sourceTree = "<group>";
		};
		FECF2B321651530700DD7EA9 /* Supporting Files */ = {
			isa = PBXGroup;
			children = (
				FECF2B331651530700DD7EA9 /* UWAPIWrapper-Prefix.pch */,
			);
			name = "Supporting Files";
			sourceTree = "<group>";
		};
/* End PBXGroup section */

/* Begin PBXNativeTarget section */
		FECF2B2B1651530700DD7EA9 /* UWAPIWrapper */ = {
			isa = PBXNativeTarget;
			buildConfigurationList = FECF2B3A1651530700DD7EA9 /* Build configuration list for PBXNativeTarget "UWAPIWrapper" */;
			buildPhases = (
				FECF2B281651530700DD7EA9 /* Sources */,
				FECF2B291651530700DD7EA9 /* Frameworks */,
				FECF2B2A1651530700DD7EA9 /* CopyFiles */,
			);
			buildRules = (
			);
			dependencies = (
			);
			name = UWAPIWrapper;
			productName = UWAPIWrapper;
			productReference = FECF2B2C1651530700DD7EA9 /* libUWAPIWrapper.a */;
			productType = "com.apple.product-type.library.static";
		};
/* End PBXNativeTarget section */

/* Begin PBXProject section */
		FECF2B231651530700DD7EA9 /* Project object */ = {
			isa = PBXProject;
			attributes = {
				LastUpgradeCheck = 0450;
				ORGANIZATIONNAME = "UW Mobile Club";
			};
			buildConfigurationList = FECF2B261651530700DD7EA9 /* Build configuration list for PBXProject "UWAPIWrapper" */;
			compatibilityVersion = "Xcode 3.2";
			developmentRegion = English;
			hasScannedForEncodings = 0;
			knownRegions = (
				en,
			);
			mainGroup = FECF2B211651530700DD7EA9;
			productRefGroup = FECF2B2D1651530700DD7EA9 /* Products */;
			projectDirPath = "";
			projectRoot = "";
			targets = (
				FECF2B2B1651530700DD7EA9 /* UWAPIWrapper */,
			);
		};
/* End PBXProject section */

/* Begin PBXSourcesBuildPhase section */
		FECF2B281651530700DD7EA9 /* Sources */ = {
			isa = PBXSourcesBuildPhase;
			buildActionMask = 2147483647;
			files = (
				FECF2B371651530700DD7EA9 /* UWAPIWrapper.m in Sources */,
			);
			runOnlyForDeploymentPostprocessing = 0;
		};
/* End PBXSourcesBuildPhase section */

/* Begin XCBuildConfiguration section */
		FECF2B381651530700DD7EA9 /* Debug */ = {
			isa = XCBuildConfiguration;
			buildSettings = {
				ALWAYS_SEARCH_USER_PATHS = NO;
				CLANG_CXX_LANGUAGE_STANDARD = "gnu++0x";
				CLANG_CXX_LIBRARY = "libc++";
				CLANG_ENABLE_OBJC_ARC = YES;
				CLANG_WARN_EMPTY_BODY = YES;
				CLANG_WARN__DUPLICATE_METHOD_MATCH = YES;
				COPY_PHASE_STRIP = NO;
				GCC_C_LANGUAGE_STANDARD = gnu99;
				GCC_DYNAMIC_NO_PIC = NO;
				GCC_OPTIMIZATION_LEVEL = 0;
				GCC_PREPROCESSOR_DEFINITIONS = (
					"DEBUG=1",
					"$(inherited)",
				);
				GCC_SYMBOLS_PRIVATE_EXTERN = NO;
				GCC_WARN_ABOUT_RETURN_TYPE = YES;
				GCC_WARN_UNINITIALIZED_AUTOS = YES;
				GCC_WARN_UNUSED_VARIABLE = YES;
				IPHONEOS_DEPLOYMENT_TARGET = 6.0;
				SDKROOT = iphoneos;
			};
			name = Debug;
		};
		FECF2B391651530700DD7EA9 /* Release */ = {
			isa = XCBuildConfiguration;
			buildSettings = {
				ALWAYS_SEARCH_USER_PATHS = NO;
				CLANG_CXX_LANGUAGE_STANDARD = "gnu++0x";
				CLANG_CXX_LIBRARY = "libc++";
				CLANG_ENABLE_OBJC_ARC = YES;
				CLANG_WARN_EMPTY_BODY = YES;
				CLANG_WARN__DUPLICATE_METHOD_MATCH = YES;
				COPY_PHASE_STRIP = YES;
				GCC_C_LANGUAGE_STANDARD = gnu99;
				GCC_WARN_ABOUT_RETURN_TYPE = YES;
				GCC_WARN_UNINITIALIZED_AUTOS = YES;
				GCC_WARN_UNUSED_VARIABLE = YES;
				IPHONEOS_DEPLOYMENT_TARGET = 6.0;
				SDKROOT = iphoneos;
				VALIDATE_PRODUCT = YES;
			};
			name = Release;
		};
		FECF2B3B1651530700DD7EA9 /* Debug */ = {
			isa = XCBuildConfiguration;
			buildSettings = {
				DSTROOT = /tmp/UWAPIWrapper.dst;
				GCC_PRECOMPILE_PREFIX_HEADER = YES;
				GCC_PREFIX_HEADER = "UWAPIWrapper/UWAPIWrapper-Prefix.pch";
				OTHER_LDFLAGS = "-ObjC";
				PRODUCT_NAME = "$(TARGET_NAME)";
				SKIP_INSTALL = YES;
			};
			name = Debug;
		};
		FECF2B3C1651530700DD7EA9 /* Release */ = {
			isa = XCBuildConfiguration;
			buildSettings = {
				DSTROOT = /tmp/UWAPIWrapper.dst;
				GCC_PRECOMPILE_PREFIX_HEADER = YES;
				GCC_PREFIX_HEADER = "UWAPIWrapper/UWAPIWrapper-Prefix.pch";
				OTHER_LDFLAGS = "-ObjC";
				PRODUCT_NAME = "$(TARGET_NAME)";
				SKIP_INSTALL = YES;
			};
			name = Release;
		};
/* End XCBuildConfiguration section */

/* Begin XCConfigurationList section */
		FECF2B261651530700DD7EA9 /* Build configuration list for PBXProject "UWAPIWrapper" */ = {
			isa = XCConfigurationList;
			buildConfigurations = (
				FECF2B381651530700DD7EA9 /* Debug */,
				FECF2B391651530700DD7EA9 /* Release */,
			);
			defaultConfigurationIsVisible = 0;
			defaultConfigurationName = Release;
		};
		FECF2B3A1651530700DD7EA9 /* Build configuration list for PBXNativeTarget "UWAPIWrapper" */ = {
			isa = XCConfigurationList;
			buildConfigurations = (
				FECF2B3B1651530700DD7EA9 /* Debug */,
				FECF2B3C1651530700DD7EA9 /* Release */,
			);
			defaultConfigurationIsVisible = 0;
		};
/* End XCConfigurationList section */
	};
	rootObject = FECF2B231651530700DD7EA9 /* Project object */;
}
