// !$*UTF8*$!
{
	archiveVersion = 1;
	classes = {
	};
	objectVersion = 46;
	objects = {

/* Begin PBXBuildFile section */
		FE017E9516514C63002A63D6 /* UIKit.framework in Frameworks */ = {isa = PBXBuildFile; fileRef = FE017E9416514C63002A63D6 /* UIKit.framework */; };
		FE017E9716514C63002A63D6 /* Foundation.framework in Frameworks */ = {isa = PBXBuildFile; fileRef = FE017E9616514C63002A63D6 /* Foundation.framework */; };
		FE017E9916514C63002A63D6 /* CoreGraphics.framework in Frameworks */ = {isa = PBXBuildFile; fileRef = FE017E9816514C63002A63D6 /* CoreGraphics.framework */; };
		FE017E9F16514C63002A63D6 /* InfoPlist.strings in Resources */ = {isa = PBXBuildFile; fileRef = FE017E9D16514C63002A63D6 /* InfoPlist.strings */; };
		FE017EA116514C63002A63D6 /* main.m in Sources */ = {isa = PBXBuildFile; fileRef = FE017EA016514C63002A63D6 /* main.m */; };
		FE017EA516514C63002A63D6 /* AppDelegate.m in Sources */ = {isa = PBXBuildFile; fileRef = FE017EA416514C63002A63D6 /* AppDelegate.m */; };
		FE017EA716514C63002A63D6 /* Default.png in Resources */ = {isa = PBXBuildFile; fileRef = FE017EA616514C63002A63D6 /* Default.png */; };
		FE017EA916514C63002A63D6 /* Default@2x.png in Resources */ = {isa = PBXBuildFile; fileRef = FE017EA816514C63002A63D6 /* Default@2x.png */; };
		FE017EAB16514C63002A63D6 /* Default-568h@2x.png in Resources */ = {isa = PBXBuildFile; fileRef = FE017EAA16514C63002A63D6 /* Default-568h@2x.png */; };
		FE017EAE16514C63002A63D6 /* MainViewController.m in Sources */ = {isa = PBXBuildFile; fileRef = FE017EAD16514C63002A63D6 /* MainViewController.m */; };
		FE017EB116514C63002A63D6 /* FlipsideViewController.m in Sources */ = {isa = PBXBuildFile; fileRef = FE017EB016514C63002A63D6 /* FlipsideViewController.m */; };
		FE017EB416514C63002A63D6 /* MainViewController.xib in Resources */ = {isa = PBXBuildFile; fileRef = FE017EB216514C63002A63D6 /* MainViewController.xib */; };
		FE017EB716514C63002A63D6 /* FlipsideViewController.xib in Resources */ = {isa = PBXBuildFile; fileRef = FE017EB516514C63002A63D6 /* FlipsideViewController.xib */; };
/* End PBXBuildFile section */

/* Begin PBXFileReference section */
		FE017E9016514C63002A63D6 /* UWAPIWrapper.app */ = {isa = PBXFileReference; explicitFileType = wrapper.application; includeInIndex = 0; path = UWAPIWrapper.app; sourceTree = BUILT_PRODUCTS_DIR; };
		FE017E9416514C63002A63D6 /* UIKit.framework */ = {isa = PBXFileReference; lastKnownFileType = wrapper.framework; name = UIKit.framework; path = System/Library/Frameworks/UIKit.framework; sourceTree = SDKROOT; };
		FE017E9616514C63002A63D6 /* Foundation.framework */ = {isa = PBXFileReference; lastKnownFileType = wrapper.framework; name = Foundation.framework; path = System/Library/Frameworks/Foundation.framework; sourceTree = SDKROOT; };
		FE017E9816514C63002A63D6 /* CoreGraphics.framework */ = {isa = PBXFileReference; lastKnownFileType = wrapper.framework; name = CoreGraphics.framework; path = System/Library/Frameworks/CoreGraphics.framework; sourceTree = SDKROOT; };
		FE017E9C16514C63002A63D6 /* UWAPIWrapper-Info.plist */ = {isa = PBXFileReference; lastKnownFileType = text.plist.xml; path = "UWAPIWrapper-Info.plist"; sourceTree = "<group>"; };
		FE017E9E16514C63002A63D6 /* en */ = {isa = PBXFileReference; lastKnownFileType = text.plist.strings; name = en; path = en.lproj/InfoPlist.strings; sourceTree = "<group>"; };
		FE017EA016514C63002A63D6 /* main.m */ = {isa = PBXFileReference; lastKnownFileType = sourcecode.c.objc; path = main.m; sourceTree = "<group>"; };
		FE017EA216514C63002A63D6 /* UWAPIWrapper-Prefix.pch */ = {isa = PBXFileReference; lastKnownFileType = sourcecode.c.h; path = "UWAPIWrapper-Prefix.pch"; sourceTree = "<group>"; };
		FE017EA316514C63002A63D6 /* AppDelegate.h */ = {isa = PBXFileReference; lastKnownFileType = sourcecode.c.h; path = AppDelegate.h; sourceTree = "<group>"; };
		FE017EA416514C63002A63D6 /* AppDelegate.m */ = {isa = PBXFileReference; lastKnownFileType = sourcecode.c.objc; path = AppDelegate.m; sourceTree = "<group>"; };
		FE017EA616514C63002A63D6 /* Default.png */ = {isa = PBXFileReference; lastKnownFileType = image.png; path = Default.png; sourceTree = "<group>"; };
		FE017EA816514C63002A63D6 /* Default@2x.png */ = {isa = PBXFileReference; lastKnownFileType = image.png; path = "Default@2x.png"; sourceTree = "<group>"; };
		FE017EAA16514C63002A63D6 /* Default-568h@2x.png */ = {isa = PBXFileReference; lastKnownFileType = image.png; path = "Default-568h@2x.png"; sourceTree = "<group>"; };
		FE017EAC16514C63002A63D6 /* MainViewController.h */ = {isa = PBXFileReference; lastKnownFileType = sourcecode.c.h; path = MainViewController.h; sourceTree = "<group>"; };
		FE017EAD16514C63002A63D6 /* MainViewController.m */ = {isa = PBXFileReference; lastKnownFileType = sourcecode.c.objc; path = MainViewController.m; sourceTree = "<group>"; };
		FE017EAF16514C63002A63D6 /* FlipsideViewController.h */ = {isa = PBXFileReference; lastKnownFileType = sourcecode.c.h; path = FlipsideViewController.h; sourceTree = "<group>"; };
		FE017EB016514C63002A63D6 /* FlipsideViewController.m */ = {isa = PBXFileReference; lastKnownFileType = sourcecode.c.objc; path = FlipsideViewController.m; sourceTree = "<group>"; };
		FE017EB316514C63002A63D6 /* en */ = {isa = PBXFileReference; lastKnownFileType = file.xib; name = en; path = en.lproj/MainViewController.xib; sourceTree = "<group>"; };
		FE017EB616514C63002A63D6 /* en */ = {isa = PBXFileReference; lastKnownFileType = file.xib; name = en; path = en.lproj/FlipsideViewController.xib; sourceTree = "<group>"; };
/* End PBXFileReference section */

/* Begin PBXFrameworksBuildPhase section */
		FE017E8D16514C63002A63D6 /* Frameworks */ = {
			isa = PBXFrameworksBuildPhase;
			buildActionMask = 2147483647;
			files = (
				FE017E9516514C63002A63D6 /* UIKit.framework in Frameworks */,
				FE017E9716514C63002A63D6 /* Foundation.framework in Frameworks */,
				FE017E9916514C63002A63D6 /* CoreGraphics.framework in Frameworks */,
			);
			runOnlyForDeploymentPostprocessing = 0;
		};
/* End PBXFrameworksBuildPhase section */

/* Begin PBXGroup section */
		FE017E8516514C63002A63D6 = {
			isa = PBXGroup;
			children = (
				FE017E9A16514C63002A63D6 /* UWAPIWrapper */,
				FE017E9316514C63002A63D6 /* Frameworks */,
				FE017E9116514C63002A63D6 /* Products */,
			);
			sourceTree = "<group>";
		};
		FE017E9116514C63002A63D6 /* Products */ = {
			isa = PBXGroup;
			children = (
				FE017E9016514C63002A63D6 /* UWAPIWrapper.app */,
			);
			name = Products;
			sourceTree = "<group>";
		};
		FE017E9316514C63002A63D6 /* Frameworks */ = {
			isa = PBXGroup;
			children = (
				FE017E9416514C63002A63D6 /* UIKit.framework */,
				FE017E9616514C63002A63D6 /* Foundation.framework */,
				FE017E9816514C63002A63D6 /* CoreGraphics.framework */,
			);
			name = Frameworks;
			sourceTree = "<group>";
		};
		FE017E9A16514C63002A63D6 /* UWAPIWrapper */ = {
			isa = PBXGroup;
			children = (
				FE017EA316514C63002A63D6 /* AppDelegate.h */,
				FE017EA416514C63002A63D6 /* AppDelegate.m */,
				FE017EAC16514C63002A63D6 /* MainViewController.h */,
				FE017EAD16514C63002A63D6 /* MainViewController.m */,
				FE017EAF16514C63002A63D6 /* FlipsideViewController.h */,
				FE017EB016514C63002A63D6 /* FlipsideViewController.m */,
				FE017EB216514C63002A63D6 /* MainViewController.xib */,
				FE017EB516514C63002A63D6 /* FlipsideViewController.xib */,
				FE017E9B16514C63002A63D6 /* Supporting Files */,
			);
			path = UWAPIWrapper;
			sourceTree = "<group>";
		};
		FE017E9B16514C63002A63D6 /* Supporting Files */ = {
			isa = PBXGroup;
			children = (
				FE017E9C16514C63002A63D6 /* UWAPIWrapper-Info.plist */,
				FE017E9D16514C63002A63D6 /* InfoPlist.strings */,
				FE017EA016514C63002A63D6 /* main.m */,
				FE017EA216514C63002A63D6 /* UWAPIWrapper-Prefix.pch */,
				FE017EA616514C63002A63D6 /* Default.png */,
				FE017EA816514C63002A63D6 /* Default@2x.png */,
				FE017EAA16514C63002A63D6 /* Default-568h@2x.png */,
			);
			name = "Supporting Files";
			sourceTree = "<group>";
		};
/* End PBXGroup section */

/* Begin PBXNativeTarget section */
		FE017E8F16514C63002A63D6 /* UWAPIWrapper */ = {
			isa = PBXNativeTarget;
			buildConfigurationList = FE017EBA16514C63002A63D6 /* Build configuration list for PBXNativeTarget "UWAPIWrapper" */;
			buildPhases = (
				FE017E8C16514C63002A63D6 /* Sources */,
				FE017E8D16514C63002A63D6 /* Frameworks */,
				FE017E8E16514C63002A63D6 /* Resources */,
			);
			buildRules = (
			);
			dependencies = (
			);
			name = UWAPIWrapper;
			productName = UWAPIWrapper;
			productReference = FE017E9016514C63002A63D6 /* UWAPIWrapper.app */;
			productType = "com.apple.product-type.application";
		};
/* End PBXNativeTarget section */

/* Begin PBXProject section */
		FE017E8716514C63002A63D6 /* Project object */ = {
			isa = PBXProject;
			attributes = {
				LastUpgradeCheck = 0450;
				ORGANIZATIONNAME = "UW Mobile Club";
			};
			buildConfigurationList = FE017E8A16514C63002A63D6 /* Build configuration list for PBXProject "UWAPIWrapper" */;
			compatibilityVersion = "Xcode 3.2";
			developmentRegion = English;
			hasScannedForEncodings = 0;
			knownRegions = (
				en,
			);
			mainGroup = FE017E8516514C63002A63D6;
			productRefGroup = FE017E9116514C63002A63D6 /* Products */;
			projectDirPath = "";
			projectRoot = "";
			targets = (
				FE017E8F16514C63002A63D6 /* UWAPIWrapper */,
			);
		};
/* End PBXProject section */

/* Begin PBXResourcesBuildPhase section */
		FE017E8E16514C63002A63D6 /* Resources */ = {
			isa = PBXResourcesBuildPhase;
			buildActionMask = 2147483647;
			files = (
				FE017E9F16514C63002A63D6 /* InfoPlist.strings in Resources */,
				FE017EA716514C63002A63D6 /* Default.png in Resources */,
				FE017EA916514C63002A63D6 /* Default@2x.png in Resources */,
				FE017EAB16514C63002A63D6 /* Default-568h@2x.png in Resources */,
				FE017EB416514C63002A63D6 /* MainViewController.xib in Resources */,
				FE017EB716514C63002A63D6 /* FlipsideViewController.xib in Resources */,
			);
			runOnlyForDeploymentPostprocessing = 0;
		};
/* End PBXResourcesBuildPhase section */

/* Begin PBXSourcesBuildPhase section */
		FE017E8C16514C63002A63D6 /* Sources */ = {
			isa = PBXSourcesBuildPhase;
			buildActionMask = 2147483647;
			files = (
				FE017EA116514C63002A63D6 /* main.m in Sources */,
				FE017EA516514C63002A63D6 /* AppDelegate.m in Sources */,
				FE017EAE16514C63002A63D6 /* MainViewController.m in Sources */,
				FE017EB116514C63002A63D6 /* FlipsideViewController.m in Sources */,
			);
			runOnlyForDeploymentPostprocessing = 0;
		};
/* End PBXSourcesBuildPhase section */

/* Begin PBXVariantGroup section */
		FE017E9D16514C63002A63D6 /* InfoPlist.strings */ = {
			isa = PBXVariantGroup;
			children = (
				FE017E9E16514C63002A63D6 /* en */,
			);
			name = InfoPlist.strings;
			sourceTree = "<group>";
		};
		FE017EB216514C63002A63D6 /* MainViewController.xib */ = {
			isa = PBXVariantGroup;
			children = (
				FE017EB316514C63002A63D6 /* en */,
			);
			name = MainViewController.xib;
			sourceTree = "<group>";
		};
		FE017EB516514C63002A63D6 /* FlipsideViewController.xib */ = {
			isa = PBXVariantGroup;
			children = (
				FE017EB616514C63002A63D6 /* en */,
			);
			name = FlipsideViewController.xib;
			sourceTree = "<group>";
		};
/* End PBXVariantGroup section */

/* Begin XCBuildConfiguration section */
		FE017EB816514C63002A63D6 /* Debug */ = {
			isa = XCBuildConfiguration;
			buildSettings = {
				ALWAYS_SEARCH_USER_PATHS = NO;
				CLANG_CXX_LANGUAGE_STANDARD = "gnu++0x";
				CLANG_CXX_LIBRARY = "libc++";
				CLANG_ENABLE_OBJC_ARC = YES;
				CLANG_WARN_EMPTY_BODY = YES;
				CLANG_WARN__DUPLICATE_METHOD_MATCH = YES;
				"CODE_SIGN_IDENTITY[sdk=iphoneos*]" = "iPhone Developer";
				COPY_PHASE_STRIP = NO;
				GCC_C_LANGUAGE_STANDARD = gnu99;
				GCC_DYNAMIC_NO_PIC = NO;
				GCC_OPTIMIZATION_LEVEL = 0;
				GCC_PREPROCESSOR_DEFINITIONS = (
					"DEBUG=1",
					"$(inherited)",
				);
				GCC_SYMBOLS_PRIVATE_EXTERN = NO;
				GCC_WARN_ABOUT_RETURN_TYPE = YES;
				GCC_WARN_UNINITIALIZED_AUTOS = YES;
				GCC_WARN_UNUSED_VARIABLE = YES;
				IPHONEOS_DEPLOYMENT_TARGET = 6.0;
				SDKROOT = iphoneos;
			};
			name = Debug;
		};
		FE017EB916514C63002A63D6 /* Release */ = {
			isa = XCBuildConfiguration;
			buildSettings = {
				ALWAYS_SEARCH_USER_PATHS = NO;
				CLANG_CXX_LANGUAGE_STANDARD = "gnu++0x";
				CLANG_CXX_LIBRARY = "libc++";
				CLANG_ENABLE_OBJC_ARC = YES;
				CLANG_WARN_EMPTY_BODY = YES;
				CLANG_WARN__DUPLICATE_METHOD_MATCH = YES;
				"CODE_SIGN_IDENTITY[sdk=iphoneos*]" = "iPhone Developer";
				COPY_PHASE_STRIP = YES;
				GCC_C_LANGUAGE_STANDARD = gnu99;
				GCC_WARN_ABOUT_RETURN_TYPE = YES;
				GCC_WARN_UNINITIALIZED_AUTOS = YES;
				GCC_WARN_UNUSED_VARIABLE = YES;
				IPHONEOS_DEPLOYMENT_TARGET = 6.0;
				OTHER_CFLAGS = "-DNS_BLOCK_ASSERTIONS=1";
				SDKROOT = iphoneos;
				VALIDATE_PRODUCT = YES;
			};
			name = Release;
		};
		FE017EBB16514C63002A63D6 /* Debug */ = {
			isa = XCBuildConfiguration;
			buildSettings = {
				GCC_PRECOMPILE_PREFIX_HEADER = YES;
				GCC_PREFIX_HEADER = "UWAPIWrapper/UWAPIWrapper-Prefix.pch";
				INFOPLIST_FILE = "UWAPIWrapper/UWAPIWrapper-Info.plist";
				PRODUCT_NAME = "$(TARGET_NAME)";
				WRAPPER_EXTENSION = app;
			};
			name = Debug;
		};
		FE017EBC16514C63002A63D6 /* Release */ = {
			isa = XCBuildConfiguration;
			buildSettings = {
				GCC_PRECOMPILE_PREFIX_HEADER = YES;
				GCC_PREFIX_HEADER = "UWAPIWrapper/UWAPIWrapper-Prefix.pch";
				INFOPLIST_FILE = "UWAPIWrapper/UWAPIWrapper-Info.plist";
				PRODUCT_NAME = "$(TARGET_NAME)";
				WRAPPER_EXTENSION = app;
			};
			name = Release;
		};
/* End XCBuildConfiguration section */

/* Begin XCConfigurationList section */
		FE017E8A16514C63002A63D6 /* Build configuration list for PBXProject "UWAPIWrapper" */ = {
			isa = XCConfigurationList;
			buildConfigurations = (
				FE017EB816514C63002A63D6 /* Debug */,
				FE017EB916514C63002A63D6 /* Release */,
			);
			defaultConfigurationIsVisible = 0;
			defaultConfigurationName = Release;
		};
		FE017EBA16514C63002A63D6 /* Build configuration list for PBXNativeTarget "UWAPIWrapper" */ = {
			isa = XCConfigurationList;
			buildConfigurations = (
				FE017EBB16514C63002A63D6 /* Debug */,
				FE017EBC16514C63002A63D6 /* Release */,
			);
			defaultConfigurationIsVisible = 0;
		};
/* End XCConfigurationList section */
	};
	rootObject = FE017E8716514C63002A63D6 /* Project object */;
}
